# @generated by Move, please check-in and do not edit manually.

[move]
version = 3
manifest_digest = "A863B81F081BC33431F245637A7B522C5B855B9B7F705DEC3D643E95DF31A032"
deps_digest = "F8BBB0CCB2491CA29A3DF03D6F92277A4F3574266507ACD77214D37ECA3F3082"
dependencies = [
  { id = "Sui", name = "Sui" },
]

[[move.package]]
id = "MoveStdlib"
source = { git = "https://github.com/MystenLabs/sui.git", rev = "framework/testnet", subdir = "crates\\sui-framework\\packages\\move-stdlib" }

[[move.package]]
id = "Sui"
source = { git = "https://github.com/MystenLabs/sui.git", rev = "framework/testnet", subdir = "crates/sui-framework/packages/sui-framework" }

dependencies = [
  { id = "MoveStdlib", name = "MoveStdlib" },
]

[move.toolchain-version]
compiler-version = "1.52.2"
edition = "2024.beta"
flavor = "sui"

[env]

[env.testnet]
chain-id = "4c78adac"
original-published-id = "0x95003236d68a83dd08c1d4585411dd9a9f7d7c765a5723f5d932f1e4e219bc5e"
latest-published-id = "0x95003236d68a83dd08c1d4585411dd9a9f7d7c765a5723f5d932f1e4e219bc5e"
published-version = "1"
